
Microsoft Visual Studio Solution File, Format Version 12.00
# Visual Studio Version 16
VisualStudioVersion = 16.0.36128.20
MinimumVisualStudioVersion = 10.0.40219.1
Project("{FAE04EC0-301F-11D3-BF4B-00C04F79EFBC}") = "HeredaPrueba", "HeredaPrueba\HeredaPrueba.csproj", "{473DA314-2FC8-48EB-BCBF-FC58CB20DA37}"
EndProject
Global
	GlobalSection(SolutionConfigurationPlatforms) = preSolution
		Debug|Any CPU = Debug|Any CPU
		Release|Any CPU = Release|Any CPU
	EndGlobalSection
	GlobalSection(ProjectConfigurationPlatforms) = postSolution
		{473DA314-2FC8-48EB-BCBF-FC58CB20DA37}.Debug|Any CPU.ActiveCfg = Debug|Any CPU
		{473DA314-2FC8-48EB-BCBF-FC58CB20DA37}.Debug|Any CPU.Build.0 = Debug|Any CPU
		{473DA314-2FC8-48EB-BCBF-FC58CB20DA37}.Release|Any CPU.ActiveCfg = Release|Any CPU
		{473DA314-2FC8-48EB-BCBF-FC58CB20DA37}.Release|Any CPU.Build.0 = Release|Any CPU
	EndGlobalSection
	GlobalSection(SolutionProperties) = preSolution
		HideSolutionNode = FALSE
	EndGlobalSection
	GlobalSection(ExtensibilityGlobals) = postSolution
		SolutionGuid = {E0F44EB5-BD61-4A0B-8E38-55D813B2D128}
	EndGlobalSection
EndGlobal
