
Microsoft Visual Studio Solution File, Format Version 12.00
# Visual Studio Version 17
VisualStudioVersion = 17.13.35825.156 d17.13
MinimumVisualStudioVersion = 10.0.40219.1
Project("{FAE04EC0-301F-11D3-BF4B-00C04F79EFBC}") = "ApiShaDemo", "ApiShaDemo\ApiShaDemo.csproj", "{DD5550C0-3094-4B51-9C13-41F601B40D22}"
EndProject
Global
	GlobalSection(SolutionConfigurationPlatforms) = preSolution
		Debug|Any CPU = Debug|Any CPU
		Release|Any CPU = Release|Any CPU
	EndGlobalSection
	GlobalSection(ProjectConfigurationPlatforms) = postSolution
		{DD5550C0-3094-4B51-9C13-41F601B40D22}.Debug|Any CPU.ActiveCfg = Debug|Any CPU
		{DD5550C0-3094-4B51-9C13-41F601B40D22}.Debug|Any CPU.Build.0 = Debug|Any CPU
		{DD5550C0-3094-4B51-9C13-41F601B40D22}.Release|Any CPU.ActiveCfg = Release|Any CPU
		{DD5550C0-3094-4B51-9C13-41F601B40D22}.Release|Any CPU.Build.0 = Release|Any CPU
	EndGlobalSection
	GlobalSection(SolutionProperties) = preSolution
		HideSolutionNode = FALSE
	EndGlobalSection
	GlobalSection(ExtensibilityGlobals) = postSolution
		SolutionGuid = {BDDCC5F3-E769-4603-B65A-C9B4CC0E8A74}
	EndGlobalSection
EndGlobal
